# @generated - this file is auto-generated by `mise lock` https://mise.jdx.dev/dev-tools/mise-lock.html

lockfile_version = 2

[[tools.python]]
version = "3.14.7"
backend = "core:python"
specifiers = ["3.14.7"]

[tools.python."platforms.linux-arm64"]
checksum = "sha256:d922413468a276e69a132b79fb7493faa46ef2e85b1a29844d3af1f7710ab5bd"
url = "https://github.com/astral-sh/python-build-standalone/releases/download/20260924/cpython-3.14.7+20260924-aarch64-unknown-linux-gnu-install_only_stripped.tar.gz"
provenance = "github-attestations"

[tools.python."platforms.linux-x64"]
checksum = "sha256:bd0d0568ccded07bbf1c87727230dc5dd0187e706a87da23c4de78388a229b78"
url = "https://github.com/astral-sh/python-build-standalone/releases/download/20260924/cpython-3.14.7+20260924-x86_64-unknown-linux-gnu-install_only_stripped.tar.gz"
provenance = "github-attestations"

[tools.python."platforms.macos-arm64"]
checksum = "sha256:f0fb6b233971672dd7add4efa90f8c209a63253e457ffabd0148b9f734638319"
url = "https://github.com/astral-sh/python-build-standalone/releases/download/20260924/cpython-3.14.7+20260924-aarch64-apple-darwin-install_only_stripped.tar.gz"
provenance = "github-attestations"

[[tools.uv]]
version = "0.12.18"
backend = "aqua:astral-sh/uv"
specifiers = ["0.12.18"]

[tools.uv."platforms.linux-arm64"]
checksum = "sha256:afb6291f3f0a6b4521fc67b947822506c41dde5b60d2189dd8f3695b2ac8c9e7"
url = "https://github.com/astral-sh/uv/releases/download/0.12.18/uv-aarch64-unknown-linux-gnu.tar.gz"
url_api = "https://api.github.com/repos/astral-sh/uv/releases/assets/582430569"
provenance = "github-attestations"

[tools.uv."platforms.linux-x64"]
checksum = "sha256:89eadd7c76fc063887959510d5ba0ab1264dfd5f1143b925ddb73021a40acf16"
url = "https://github.com/astral-sh/uv/releases/download/0.12.18/uv-x86_64-unknown-linux-gnu.tar.gz"
url_api = "https://api.github.com/repos/astral-sh/uv/releases/assets/582430671"
provenance = "github-attestations"

[tools.uv."platforms.macos-arm64"]
checksum = "sha256:cf40e0c6a202190ccd9e0406dcfdd5b2d6668a9a5c779b17948963df32aafe5b"
url = "https://github.com/astral-sh/uv/releases/download/0.12.18/uv-aarch64-apple-darwin.tar.gz"
url_api = "https://api.github.com/repos/astral-sh/uv/releases/assets/582430554"
provenance = "github-attestations"
